PODS:
  - Flutter (1.0.0)
  - flutter_izipay (0.0.1):
    - Flutter
  - integration_test (0.0.1):
    - Flutter

DEPENDENCIES:
  - Flutter (from `Flutter`)
  - flutter_izipay (from `.symlinks/plugins/flutter_izipay/ios`)
  - integration_test (from `.symlinks/plugins/integration_test/ios`)

EXTERNAL SOURCES:
  Flutter:
    :path: Flutter
  flutter_izipay:
    :path: ".symlinks/plugins/flutter_izipay/ios"
  integration_test:
    :path: ".symlinks/plugins/integration_test/ios"

SPEC CHECKSUMS:
  Flutter: e0871f40cf51350855a761d2e70bf5af5b9b5de7
  flutter_izipay: cf043aa46ef3b4bf08a41cce37b2b3ef5dada2d8
  integration_test: 252f60fa39af5e17c3aa9899d35d908a0721b573

PODFILE CHECKSUM: c8ab10f9182ce0d6ec53d7ab93942c10879897f5

COCOAPODS: 1.15.2
